<Solution>
  <Configurations>
    <Platform Name="Any CPU" />
    <Platform Name="x64" />
  </Configurations>
  <Folder Name="/Solution Items/">
    <File Path=".editorconfig" />
    <File Path=".gitattributes" />
    <File Path=".gitignore" />
    <File Path=".gitmodules" />
    <File Path="Directory.Build.props" />
    <File Path="LICENSE.txt" />
    <File Path="README.md" />
  </Folder>
  <Project Path="WaveOptics/WaveOptics.csproj">
    <Platform Solution="*|x64" Project="x64" />
    <BuildDependency Project="WaveOptics.Shader/WaveOptics.Shader.vcxproj" />
  </Project>
  <Project Path="WaveOptics.Abstractions/WaveOptics.Abstractions.csproj" />
  <Project Path="WaveOptics.Tests/WaveOptics.Tests.csproj" />
  <Project Path="WaveOptics.Harness/WaveOptics.Harness.csproj" />
  <Project Path="WaveOptics.Shader/WaveOptics.Shader.vcxproj">
    <BuildType Solution="*|*" Project="Release" />
    <Platform Solution="*|*" Project="Win32" />
  </Project>
  <Project Path="SpectralConvolution/SpectralConvolution/SpectralConvolution.csproj" />
  <Project Path="YukkuriMovieMaker.Generator/YukkuriMovieMaker.Generator/YukkuriMovieMaker.Generator.csproj" />
</Solution>
